
Microsoft Visual Studio Solution File, Format Version 11.00
# Visual Studio 2010
Project("{FAE04EC0-301F-11D3-BF4B-00C04F79EFBC}") = "AsyncSocket", "AsyncSocket\AsyncSocket.csproj", "{38DE00C4-F4C7-4355-9902-8221E1763808}"
EndProject
Project("{FAE04EC0-301F-11D3-BF4B-00C04F79EFBC}") = "AsyncSocketTestUI", "Test\AsyncSocketTestUI.csproj", "{9DB85C40-E3AB-4D17-8CF7-0B6E24FDB3E1}"
EndProject
Global
	GlobalSection(TeamFoundationVersionControl) = preSolution
		SccNumberOfProjects = 3
		SccEnterpriseProvider = {4CA58AB2-18FA-4F8D-95D4-32DDF27D184C}
		SccTeamFoundationServer = https://tfs.codeplex.com/tfs/tfs06
		SccLocalPath0 = .
		SccProjectUniqueName1 = AsyncSocket\\AsyncSocket.csproj
		SccProjectName1 = AsyncSocket
		SccLocalPath1 = AsyncSocket
		SccProjectUniqueName2 = Test\\AsyncSocketTestUI.csproj
		SccProjectName2 = Test
		SccLocalPath2 = Test
	EndGlobalSection
	GlobalSection(SolutionConfigurationPlatforms) = preSolution
		Debug|Any CPU = Debug|Any CPU
		Debug|Mixed Platforms = Debug|Mixed Platforms
		Debug|x86 = Debug|x86
		Release|Any CPU = Release|Any CPU
		Release|Mixed Platforms = Release|Mixed Platforms
		Release|x86 = Release|x86
	EndGlobalSection
	GlobalSection(ProjectConfigurationPlatforms) = postSolution
		{38DE00C4-F4C7-4355-9902-8221E1763808}.Debug|Any CPU.ActiveCfg = Debug|Any CPU
		{38DE00C4-F4C7-4355-9902-8221E1763808}.Debug|Any CPU.Build.0 = Debug|Any CPU
		{38DE00C4-F4C7-4355-9902-8221E1763808}.Debug|Mixed Platforms.ActiveCfg = Debug|Any CPU
		{38DE00C4-F4C7-4355-9902-8221E1763808}.Debug|Mixed Platforms.Build.0 = Debug|Any CPU
		{38DE00C4-F4C7-4355-9902-8221E1763808}.Debug|x86.ActiveCfg = Debug|Any CPU
		{38DE00C4-F4C7-4355-9902-8221E1763808}.Release|Any CPU.ActiveCfg = Release|Any CPU
		{38DE00C4-F4C7-4355-9902-8221E1763808}.Release|Any CPU.Build.0 = Release|Any CPU
		{38DE00C4-F4C7-4355-9902-8221E1763808}.Release|Mixed Platforms.ActiveCfg = Release|Any CPU
		{38DE00C4-F4C7-4355-9902-8221E1763808}.Release|Mixed Platforms.Build.0 = Release|Any CPU
		{38DE00C4-F4C7-4355-9902-8221E1763808}.Release|x86.ActiveCfg = Release|Any CPU
		{9DB85C40-E3AB-4D17-8CF7-0B6E24FDB3E1}.Debug|Any CPU.ActiveCfg = Debug|x86
		{9DB85C40-E3AB-4D17-8CF7-0B6E24FDB3E1}.Debug|Mixed Platforms.ActiveCfg = Debug|x86
		{9DB85C40-E3AB-4D17-8CF7-0B6E24FDB3E1}.Debug|Mixed Platforms.Build.0 = Debug|x86
		{9DB85C40-E3AB-4D17-8CF7-0B6E24FDB3E1}.Debug|x86.ActiveCfg = Debug|x86
		{9DB85C40-E3AB-4D17-8CF7-0B6E24FDB3E1}.Debug|x86.Build.0 = Debug|x86
		{9DB85C40-E3AB-4D17-8CF7-0B6E24FDB3E1}.Release|Any CPU.ActiveCfg = Release|x86
		{9DB85C40-E3AB-4D17-8CF7-0B6E24FDB3E1}.Release|Mixed Platforms.ActiveCfg = Release|x86
		{9DB85C40-E3AB-4D17-8CF7-0B6E24FDB3E1}.Release|Mixed Platforms.Build.0 = Release|x86
		{9DB85C40-E3AB-4D17-8CF7-0B6E24FDB3E1}.Release|x86.ActiveCfg = Release|x86
		{9DB85C40-E3AB-4D17-8CF7-0B6E24FDB3E1}.Release|x86.Build.0 = Release|x86
	EndGlobalSection
	GlobalSection(SolutionProperties) = preSolution
		HideSolutionNode = FALSE
	EndGlobalSection
EndGlobal
